// !$*UTF8*$!
{
	archiveVersion = 1;
	classes = {
	};
	objectVersion = 50;
	objects = {

/* Begin PBXBuildFile section */
		C5134B422654CECD00B16E76 /* AppDelegate.swift in Sources */ = {isa = PBXBuildFile; fileRef = C5134B412654CECD00B16E76 /* AppDelegate.swift */; };
		C5134B442654CECD00B16E76 /* SceneDelegate.swift in Sources */ = {isa = PBXBuildFile; fileRef = C5134B432654CECD00B16E76 /* SceneDelegate.swift */; };
		C5134B462654CECD00B16E76 /* ViewController.swift in Sources */ = {isa = PBXBuildFile; fileRef = C5134B452654CECD00B16E76 /* ViewController.swift */; };
		C5134B492654CECD00B16E76 /* Main.storyboard in Resources */ = {isa = PBXBuildFile; fileRef = C5134B472654CECD00B16E76 /* Main.storyboard */; };
		C5134B4C2654CECD00B16E76 /* SoundBoard.xcdatamodeld in Sources */ = {isa = PBXBuildFile; fileRef = C5134B4A2654CECD00B16E76 /* SoundBoard.xcdatamodeld */; };
		C5134B4E2654CED100B16E76 /* Assets.xcassets in Resources */ = {isa = PBXBuildFile; fileRef = C5134B4D2654CED100B16E76 /* Assets.xcassets */; };
		C5134B512654CED100B16E76 /* LaunchScreen.storyboard in Resources */ = {isa = PBXBuildFile; fileRef = C5134B4F2654CED100B16E76 /* LaunchScreen.storyboard */; };
/* End PBXBuildFile section */

/* Begin PBXFileReference section */
		C5134B3E2654CECD00B16E76 /* SoundBoard.app */ = {isa = PBXFileReference; explicitFileType = wrapper.application; includeInIndex = 0; path = SoundBoard.app; sourceTree = BUILT_PRODUCTS_DIR; };
		C5134B412654CECD00B16E76 /* AppDelegate.swift */ = {isa = PBXFileReference; lastKnownFileType = sourcecode.swift; path = AppDelegate.swift; sourceTree = "<group>"; };
		C5134B432654CECD00B16E76 /* SceneDelegate.swift */ = {isa = PBXFileReference; lastKnownFileType = sourcecode.swift; path = SceneDelegate.swift; sourceTree = "<group>"; };
		C5134B452654CECD00B16E76 /* ViewController.swift */ = {isa = PBXFileReference; lastKnownFileType = sourcecode.swift; path = ViewController.swift; sourceTree = "<group>"; };
		C5134B482654CECD00B16E76 /* Base */ = {isa = PBXFileReference; lastKnownFileType = file.storyboard; name = Base; path = Base.lproj/Main.storyboard; sourceTree = "<group>"; };
		C5134B4B2654CECD00B16E76 /* SoundBoard.xcdatamodel */ = {isa = PBXFileReference; lastKnownFileType = wrapper.xcdatamodel; path = SoundBoard.xcdatamodel; sourceTree = "<group>"; };
		C5134B4D2654CED100B16E76 /* Assets.xcassets */ = {isa = PBXFileReference; lastKnownFileType = folder.assetcatalog; path = Assets.xcassets; sourceTree = "<group>"; };
		C5134B502654CED100B16E76 /* Base */ = {isa = PBXFileReference; lastKnownFileType = file.storyboard; name = Base; path = Base.lproj/LaunchScreen.storyboard; sourceTree = "<group>"; };
		C5134B522654CED100B16E76 /* Info.plist */ = {isa = PBXFileReference; lastKnownFileType = text.plist.xml; path = Info.plist; sourceTree = "<group>"; };
/* End PBXFileReference section */

/* Begin PBXFrameworksBuildPhase section */
		C5134B3B2654CECD00B16E76 /* Frameworks */ = {
			isa = PBXFrameworksBuildPhase;
			buildActionMask = 2147483647;
			files = (
			);
			runOnlyForDeploymentPostprocessing = 0;
		};
/* End PBXFrameworksBuildPhase section */

/* Begin PBXGroup section */
		C5134B352654CECC00B16E76 = {
			isa = PBXGroup;
			children = (
				C5134B402654CECD00B16E76 /* SoundBoard */,
				C5134B3F2654CECD00B16E76 /* Products */,
			);
			sourceTree = "<group>";
		};
		C5134B3F2654CECD00B16E76 /* Products */ = {
			isa = PBXGroup;
			children = (
				C5134B3E2654CECD00B16E76 /* SoundBoard.app */,
			);
			name = Products;
			sourceTree = "<group>";
		};
		C5134B402654CECD00B16E76 /* SoundBoard */ = {
			isa = PBXGroup;
			children = (
				C5134B412654CECD00B16E76 /* AppDelegate.swift */,
				C5134B432654CECD00B16E76 /* SceneDelegate.swift */,
				C5134B452654CECD00B16E76 /* ViewController.swift */,
				C5134B472654CECD00B16E76 /* Main.storyboard */,
				C5134B4D2654CED100B16E76 /* Assets.xcassets */,
				C5134B4F2654CED100B16E76 /* LaunchScreen.storyboard */,
				C5134B522654CED100B16E76 /* Info.plist */,
				C5134B4A2654CECD00B16E76 /* SoundBoard.xcdatamodeld */,
			);
			path = SoundBoard;
			sourceTree = "<group>";
		};
/* End PBXGroup section */

/* Begin PBXNativeTarget section */
		C5134B3D2654CECD00B16E76 /* SoundBoard */ = {
			isa = PBXNativeTarget;
			buildConfigurationList = C5134B552654CED100B16E76 /* Build configuration list for PBXNativeTarget "SoundBoard" */;
			buildPhases = (
				C5134B3A2654CECD00B16E76 /* Sources */,
				C5134B3B2654CECD00B16E76 /* Frameworks */,
				C5134B3C2654CECD00B16E76 /* Resources */,
			);
			buildRules = (
			);
			dependencies = (
			);
			name = SoundBoard;
			productName = SoundBoard;
			productReference = C5134B3E2654CECD00B16E76 /* SoundBoard.app */;
			productType = "com.apple.product-type.application";
		};
/* End PBXNativeTarget section */

/* Begin PBXProject section */
		C5134B362654CECD00B16E76 /* Project object */ = {
			isa = PBXProject;
			attributes = {
				LastSwiftUpdateCheck = 1130;
				LastUpgradeCheck = 1130;
				ORGANIZATIONNAME = wilson;
				TargetAttributes = {
					C5134B3D2654CECD00B16E76 = {
						CreatedOnToolsVersion = 11.3.1;
					};
				};
			};
			buildConfigurationList = C5134B392654CECD00B16E76 /* Build configuration list for PBXProject "SoundBoard" */;
			compatibilityVersion = "Xcode 9.3";
			developmentRegion = en;
			hasScannedForEncodings = 0;
			knownRegions = (
				en,
				Base,
			);
			mainGroup = C5134B352654CECC00B16E76;
			productRefGroup = C5134B3F2654CECD00B16E76 /* Products */;
			projectDirPath = "";
			projectRoot = "";
			targets = (
				C5134B3D2654CECD00B16E76 /* SoundBoard */,
			);
		};
/* End PBXProject section */

/* Begin PBXResourcesBuildPhase section */
		C5134B3C2654CECD00B16E76 /* Resources */ = {
			isa = PBXResourcesBuildPhase;
			buildActionMask = 2147483647;
			files = (
				C5134B512654CED100B16E76 /* LaunchScreen.storyboard in Resources */,
				C5134B4E2654CED100B16E76 /* Assets.xcassets in Resources */,
				C5134B492654CECD00B16E76 /* Main.storyboard in Resources */,
			);
			runOnlyForDeploymentPostprocessing = 0;
		};
/* End PBXResourcesBuildPhase section */

/* Begin PBXSourcesBuildPhase section */
		C5134B3A2654CECD00B16E76 /* Sources */ = {
			isa = PBXSourcesBuildPhase;
			buildActionMask = 2147483647;
			files = (
				C5134B4C2654CECD00B16E76 /* SoundBoard.xcdatamodeld in Sources */,
				C5134B462654CECD00B16E76 /* ViewController.swift in Sources */,
				C5134B422654CECD00B16E76 /* AppDelegate.swift in Sources */,
				C5134B442654CECD00B16E76 /* SceneDelegate.swift in Sources */,
			);
			runOnlyForDeploymentPostprocessing = 0;
		};
/* End PBXSourcesBuildPhase section */

/* Begin PBXVariantGroup section */
		C5134B472654CECD00B16E76 /* Main.storyboard */ = {
			isa = PBXVariantGroup;
			children = (
				C5134B482654CECD00B16E76 /* Base */,
			);
			name = Main.storyboard;
			sourceTree = "<group>";
		};
		C5134B4F2654CED100B16E76 /* LaunchScreen.storyboard */ = {
			isa = PBXVariantGroup;
			children = (
				C5134B502654CED100B16E76 /* Base */,
			);
			name = LaunchScreen.storyboard;
			sourceTree = "<group>";
		};
/* End PBXVariantGroup section */

/* Begin XCBuildConfiguration section */
		C5134B532654CED100B16E76 /* Debug */ = {
			isa = XCBuildConfiguration;
			buildSettings = {
				ALWAYS_SEARCH_USER_PATHS = NO;
				CLANG_ANALYZER_NONNULL = YES;
				CLANG_ANALYZER_NUMBER_OBJECT_CONVERSION = YES_AGGRESSIVE;
				CLANG_CXX_LANGUAGE_STANDARD = "gnu++14";
				CLANG_CXX_LIBRARY = "libc++";
				CLANG_ENABLE_MODULES = YES;
				CLANG_ENABLE_OBJC_ARC = YES;
				CLANG_ENABLE_OBJC_WEAK = YES;
				CLANG_WARN_BLOCK_CAPTURE_AUTORELEASING = YES;
				CLANG_WARN_BOOL_CONVERSION = YES;
				CLANG_WARN_COMMA = YES;
				CLANG_WARN_CONSTANT_CONVERSION = YES;
				CLANG_WARN_DEPRECATED_OBJC_IMPLEMENTATIONS = YES;
				CLANG_WARN_DIRECT_OBJC_ISA_USAGE = YES_ERROR;
				CLANG_WARN_DOCUMENTATION_COMMENTS = YES;
				CLANG_WARN_EMPTY_BODY = YES;
				CLANG_WARN_ENUM_CONVERSION = YES;
				CLANG_WARN_INFINITE_RECURSION = YES;
				CLANG_WARN_INT_CONVERSION = YES;
				CLANG_WARN_NON_LITERAL_NULL_CONVERSION = YES;
				CLANG_WARN_OBJC_IMPLICIT_RETAIN_SELF = YES;
				CLANG_WARN_OBJC_LITERAL_CONVERSION = YES;
				CLANG_WARN_OBJC_ROOT_CLASS = YES_ERROR;
				CLANG_WARN_RANGE_LOOP_ANALYSIS = YES;
				CLANG_WARN_STRICT_PROTOTYPES = YES;
				CLANG_WARN_SUSPICIOUS_MOVE = YES;
				CLANG_WARN_UNGUARDED_AVAILABILITY = YES_AGGRESSIVE;
				CLANG_WARN_UNREACHABLE_CODE = YES;
				CLANG_WARN__DUPLICATE_METHOD_MATCH = YES;
				COPY_PHASE_STRIP = NO;
				DEBUG_INFORMATION_FORMAT = dwarf;
				ENABLE_STRICT_OBJC_MSGSEND = YES;
				ENABLE_TESTABILITY = YES;
				GCC_C_LANGUAGE_STANDARD = gnu11;
				GCC_DYNAMIC_NO_PIC = NO;
				GCC_NO_COMMON_BLOCKS = YES;
				GCC_OPTIMIZATION_LEVEL = 0;
				GCC_PREPROCESSOR_DEFINITIONS = (
					"DEBUG=1",
					"$(inherited)",
				);
				GCC_WARN_64_TO_32_BIT_CONVERSION = YES;
				GCC_WARN_ABOUT_RETURN_TYPE = YES_ERROR;
				GCC_WARN_UNDECLARED_SELECTOR = YES;
				GCC_WARN_UNINITIALIZED_AUTOS = YES_AGGRESSIVE;
				GCC_WARN_UNUSED_FUNCTION = YES;
				GCC_WARN_UNUSED_VARIABLE = YES;
				IPHONEOS_DEPLOYMENT_TARGET = 13.2;
				MTL_ENABLE_DEBUG_INFO = INCLUDE_SOURCE;
				MTL_FAST_MATH = YES;
				ONLY_ACTIVE_ARCH = YES;
				SDKROOT = iphoneos;
				SWIFT_ACTIVE_COMPILATION_CONDITIONS = DEBUG;
				SWIFT_OPTIMIZATION_LEVEL = "-Onone";
			};
			name = Debug;
		};
		C5134B542654CED100B16E76 /* Release */ = {
			isa = XCBuildConfiguration;
			buildSettings = {
				ALWAYS_SEARCH_USER_PATHS = NO;
				CLANG_ANALYZER_NONNULL = YES;
				CLANG_ANALYZER_NUMBER_OBJECT_CONVERSION = YES_AGGRESSIVE;
				CLANG_CXX_LANGUAGE_STANDARD = "gnu++14";
				CLANG_CXX_LIBRARY = "libc++";
				CLANG_ENABLE_MODULES = YES;
				CLANG_ENABLE_OBJC_ARC = YES;
				CLANG_ENABLE_OBJC_WEAK = YES;
				CLANG_WARN_BLOCK_CAPTURE_AUTORELEASING = YES;
				CLANG_WARN_BOOL_CONVERSION = YES;
				CLANG_WARN_COMMA = YES;
				CLANG_WARN_CONSTANT_CONVERSION = YES;
				CLANG_WARN_DEPRECATED_OBJC_IMPLEMENTATIONS = YES;
				CLANG_WARN_DIRECT_OBJC_ISA_USAGE = YES_ERROR;
				CLANG_WARN_DOCUMENTATION_COMMENTS = YES;
				CLANG_WARN_EMPTY_BODY = YES;
				CLANG_WARN_ENUM_CONVERSION = YES;
				CLANG_WARN_INFINITE_RECURSION = YES;
				CLANG_WARN_INT_CONVERSION = YES;
				CLANG_WARN_NON_LITERAL_NULL_CONVERSION = YES;
				CLANG_WARN_OBJC_IMPLICIT_RETAIN_SELF = YES;
				CLANG_WARN_OBJC_LITERAL_CONVERSION = YES;
				CLANG_WARN_OBJC_ROOT_CLASS = YES_ERROR;
				CLANG_WARN_RANGE_LOOP_ANALYSIS = YES;
				CLANG_WARN_STRICT_PROTOTYPES = YES;
				CLANG_WARN_SUSPICIOUS_MOVE = YES;
				CLANG_WARN_UNGUARDED_AVAILABILITY = YES_AGGRESSIVE;
				CLANG_WARN_UNREACHABLE_CODE = YES;
				CLANG_WARN__DUPLICATE_METHOD_MATCH = YES;
				COPY_PHASE_STRIP = NO;
				DEBUG_INFORMATION_FORMAT = "dwarf-with-dsym";
				ENABLE_NS_ASSERTIONS = NO;
				ENABLE_STRICT_OBJC_MSGSEND = YES;
				GCC_C_LANGUAGE_STANDARD = gnu11;
				GCC_NO_COMMON_BLOCKS = YES;
				GCC_WARN_64_TO_32_BIT_CONVERSION = YES;
				GCC_WARN_ABOUT_RETURN_TYPE = YES_ERROR;
				GCC_WARN_UNDECLARED_SELECTOR = YES;
				GCC_WARN_UNINITIALIZED_AUTOS = YES_AGGRESSIVE;
				GCC_WARN_UNUSED_FUNCTION = YES;
				GCC_WARN_UNUSED_VARIABLE = YES;
				IPHONEOS_DEPLOYMENT_TARGET = 13.2;
				MTL_ENABLE_DEBUG_INFO = NO;
				MTL_FAST_MATH = YES;
				SDKROOT = iphoneos;
				SWIFT_COMPILATION_MODE = wholemodule;
				SWIFT_OPTIMIZATION_LEVEL = "-O";
				VALIDATE_PRODUCT = YES;
			};
			name = Release;
		};
		C5134B562654CED100B16E76 /* Debug */ = {
			isa = XCBuildConfiguration;
			buildSettings = {
				ASSETCATALOG_COMPILER_APPICON_NAME = AppIcon;
				CODE_SIGN_STYLE = Automatic;
				INFOPLIST_FILE = SoundBoard/Info.plist;
				LD_RUNPATH_SEARCH_PATHS = (
					"$(inherited)",
					"@executable_path/Frameworks",
				);
				PRODUCT_BUNDLE_IDENTIFIER = com.wilson.SoundBoard;
				PRODUCT_NAME = "$(TARGET_NAME)";
				SWIFT_VERSION = 5.0;
				TARGETED_DEVICE_FAMILY = "1,2";
			};
			name = Debug;
		};
		C5134B572654CED100B16E76 /* Release */ = {
			isa = XCBuildConfiguration;
			buildSettings = {
				ASSETCATALOG_COMPILER_APPICON_NAME = AppIcon;
				CODE_SIGN_STYLE = Automatic;
				INFOPLIST_FILE = SoundBoard/Info.plist;
				LD_RUNPATH_SEARCH_PATHS = (
					"$(inherited)",
					"@executable_path/Frameworks",
				);
				PRODUCT_BUNDLE_IDENTIFIER = com.wilson.SoundBoard;
				PRODUCT_NAME = "$(TARGET_NAME)";
				SWIFT_VERSION = 5.0;
				TARGETED_DEVICE_FAMILY = "1,2";
			};
			name = Release;
		};
/* End XCBuildConfiguration section */

/* Begin XCConfigurationList section */
		C5134B392654CECD00B16E76 /* Build configuration list for PBXProject "SoundBoard" */ = {
			isa = XCConfigurationList;
			buildConfigurations = (
				C5134B532654CED100B16E76 /* Debug */,
				C5134B542654CED100B16E76 /* Release */,
			);
			defaultConfigurationIsVisible = 0;
			defaultConfigurationName = Release;
		};
		C5134B552654CED100B16E76 /* Build configuration list for PBXNativeTarget "SoundBoard" */ = {
			isa = XCConfigurationList;
			buildConfigurations = (
				C5134B562654CED100B16E76 /* Debug */,
				C5134B572654CED100B16E76 /* Release */,
			);
			defaultConfigurationIsVisible = 0;
			defaultConfigurationName = Release;
		};
/* End XCConfigurationList section */

/* Begin XCVersionGroup section */
		C5134B4A2654CECD00B16E76 /* SoundBoard.xcdatamodeld */ = {
			isa = XCVersionGroup;
			children = (
				C5134B4B2654CECD00B16E76 /* SoundBoard.xcdatamodel */,
			);
			currentVersion = C5134B4B2654CECD00B16E76 /* SoundBoard.xcdatamodel */;
			path = SoundBoard.xcdatamodeld;
			sourceTree = "<group>";
			versionGroupType = wrapper.xcdatamodel;
		};
/* End XCVersionGroup section */
	};
	rootObject = C5134B362654CECD00B16E76 /* Project object */;
}
